
Microsoft Visual Studio Solution File, Format Version 12.00
# Visual Studio Version 17
VisualStudioVersion = 17.1.32421.90
MinimumVisualStudioVersion = 10.0.40219.1
Project("{9A19103F-16F7-4668-BE54-9A1E7A4F7556}") = "MeetupDemo.Shared", "src\MeetupDemo.Shared\MeetupDemo.Shared.csproj", "{A892D67C-E114-41A8-9F6E-D4B5F2964BD8}"
EndProject
Project("{9A19103F-16F7-4668-BE54-9A1E7A4F7556}") = "MeetupDemo.DigitalWallets", "src\MeetupDemo.DigitalWallets\MeetupDemo.DigitalWallets.csproj", "{A034846C-49A4-4C7B-9E81-5777037200B1}"
EndProject
Project("{9A19103F-16F7-4668-BE54-9A1E7A4F7556}") = "MeetupDemo.Carts", "src\MeetupDemo.Carts\MeetupDemo.Carts.csproj", "{62A904A2-FC3F-43B9-8534-AD0460750B44}"
EndProject
Global
	GlobalSection(SolutionConfigurationPlatforms) = preSolution
		Debug|Any CPU = Debug|Any CPU
		Release|Any CPU = Release|Any CPU
	EndGlobalSection
	GlobalSection(ProjectConfigurationPlatforms) = postSolution
		{A892D67C-E114-41A8-9F6E-D4B5F2964BD8}.Debug|Any CPU.ActiveCfg = Debug|Any CPU
		{A892D67C-E114-41A8-9F6E-D4B5F2964BD8}.Debug|Any CPU.Build.0 = Debug|Any CPU
		{A892D67C-E114-41A8-9F6E-D4B5F2964BD8}.Release|Any CPU.ActiveCfg = Release|Any CPU
		{A892D67C-E114-41A8-9F6E-D4B5F2964BD8}.Release|Any CPU.Build.0 = Release|Any CPU
		{A034846C-49A4-4C7B-9E81-5777037200B1}.Debug|Any CPU.ActiveCfg = Debug|Any CPU
		{A034846C-49A4-4C7B-9E81-5777037200B1}.Debug|Any CPU.Build.0 = Debug|Any CPU
		{A034846C-49A4-4C7B-9E81-5777037200B1}.Release|Any CPU.ActiveCfg = Release|Any CPU
		{A034846C-49A4-4C7B-9E81-5777037200B1}.Release|Any CPU.Build.0 = Release|Any CPU
		{62A904A2-FC3F-43B9-8534-AD0460750B44}.Debug|Any CPU.ActiveCfg = Debug|Any CPU
		{62A904A2-FC3F-43B9-8534-AD0460750B44}.Debug|Any CPU.Build.0 = Debug|Any CPU
		{62A904A2-FC3F-43B9-8534-AD0460750B44}.Release|Any CPU.ActiveCfg = Release|Any CPU
		{62A904A2-FC3F-43B9-8534-AD0460750B44}.Release|Any CPU.Build.0 = Release|Any CPU
	EndGlobalSection
	GlobalSection(SolutionProperties) = preSolution
		HideSolutionNode = FALSE
	EndGlobalSection
	GlobalSection(ExtensibilityGlobals) = postSolution
		SolutionGuid = {D1BB1462-395C-4B56-9F5C-6409056EE9CD}
	EndGlobalSection
EndGlobal
